
Microsoft Visual Studio Solution File, Format Version 12.00
# Visual Studio Version 17
VisualStudioVersion = 17.14.36429.23 d17.14
MinimumVisualStudioVersion = 10.0.40219.1
Project("{2150E333-8FDC-42A3-9474-1A3956D46DE8}") = "Task0", "Task0", "{02EA681E-C7D8-13C7-8484-4AC65E1B71E8}"
EndProject
Project("{FAE04EC0-301F-11D3-BF4B-00C04F79EFBC}") = "Tyuiu.RadochinaAP.Sprint4.Task0.V9", "Tyuiu.RadochinaAP.Sprint4.Task0.V9\Tyuiu.RadochinaAP.Sprint4.Task0.V9.csproj", "{91837F19-9ABF-4296-A96B-C1B1F98541D6}"
EndProject
Project("{FAE04EC0-301F-11D3-BF4B-00C04F79EFBC}") = "Tyuiu.RadochinaAP.Sprint4.Task0.V9.Lib", "Tyuiu.RadochinaAP.Sprint4.Task0.V9.Lib\Tyuiu.RadochinaAP.Sprint4.Task0.V9.Lib.csproj", "{DA686060-C546-475D-BF91-FA9792F4FECB}"
EndProject
Project("{FAE04EC0-301F-11D3-BF4B-00C04F79EFBC}") = "Tyuiu.RadochinaAP.Sprint4.Task0.V9.Test", "Tyuiu.RadochinaAP.Sprint4.Task0.V9.Test\Tyuiu.RadochinaAP.Sprint4.Task0.V9.Test.csproj", "{BFADAA20-697A-4194-851E-CD71528E42D9}"
EndProject
Project("{2150E333-8FDC-42A3-9474-1A3956D46DE8}") = "Task1", "Task1", "{FB8097C9-F75A-4ADC-B4FA-B33A74334AA9}"
EndProject
Project("{FAE04EC0-301F-11D3-BF4B-00C04F79EFBC}") = "Tyuiu.RadochinaAP.Sprint4.Task1.V29", "Tyuiu.RadochinaAP.Sprint4.Task1.V29\Tyuiu.RadochinaAP.Sprint4.Task1.V29.csproj", "{354B1E8D-14CB-440B-8D25-19E510972020}"
EndProject
Project("{FAE04EC0-301F-11D3-BF4B-00C04F79EFBC}") = "Tyuiu.RadochinaAP.Sprint4.Task1.V29.Test", "Tyuiu.RadochinaAP.Sprint4.Task1.V29.Test\Tyuiu.RadochinaAP.Sprint4.Task1.V29.Test.csproj", "{51777023-8168-4F28-B7F6-284E4FF7DAC7}"
EndProject
Project("{FAE04EC0-301F-11D3-BF4B-00C04F79EFBC}") = "Tyuiu.RadochinaAP.Sprint4.Task1.V29.Lib", "Tyuiu.RadochinaAP.Sprint4.Task1.V29.Lib\Tyuiu.RadochinaAP.Sprint4.Task1.V29.Lib.csproj", "{C81E0047-C4FC-4CC0-8B41-722D6BB5ACBE}"
EndProject
Project("{2150E333-8FDC-42A3-9474-1A3956D46DE8}") = "Task2", "Task2", "{24B9CFFC-DFFB-4B6F-8082-F79F2106FC10}"
EndProject
Project("{FAE04EC0-301F-11D3-BF4B-00C04F79EFBC}") = "Tyuiu.RadochinaAP.Sprint4.Task2.V4", "Tyuiu.RadochinaAP.Sprint4.Task2.V4\Tyuiu.RadochinaAP.Sprint4.Task2.V4.csproj", "{53FD771A-B4F1-4857-BAAB-411D506570C1}"
EndProject
Project("{FAE04EC0-301F-11D3-BF4B-00C04F79EFBC}") = "Tyuiu.RadochinaAP.Sprint4.Task2.V4.Lib", "Tyuiu.RadochinaAP.Sprint4.Task2.V4.Lib\Tyuiu.RadochinaAP.Sprint4.Task2.V4.Lib.csproj", "{0D6A8B4E-9FD0-4719-8766-9D60B7270D87}"
EndProject
Project("{FAE04EC0-301F-11D3-BF4B-00C04F79EFBC}") = "Tyuiu.RadochinaAP.Sprint4.Task2.V4.Test", "Tyuiu.RadochinaAP.Sprint4.Task2.V4.Test\Tyuiu.RadochinaAP.Sprint4.Task2.V4.Test.csproj", "{54FCD2D5-6EAD-473D-A81A-6F0E637174D0}"
EndProject
Project("{2150E333-8FDC-42A3-9474-1A3956D46DE8}") = "Task3", "Task3", "{60A47B3F-00C3-49F7-A848-CB988E4308F9}"
EndProject
Project("{FAE04EC0-301F-11D3-BF4B-00C04F79EFBC}") = "Tyuiu.RadochinaAP.Sprint4.Task3.V12", "Tyuiu.RadochinaAP.Sprint4.Task3.V12\Tyuiu.RadochinaAP.Sprint4.Task3.V12.csproj", "{B6E6B65F-498F-42C3-A408-C2DAF220439C}"
EndProject
Project("{FAE04EC0-301F-11D3-BF4B-00C04F79EFBC}") = "Tyuiu.RadochinaAP.Sprint4.Task3.V12.Test", "Tyuiu.RadochinaAP.Sprint4.Task3.V12.Test\Tyuiu.RadochinaAP.Sprint4.Task3.V12.Test.csproj", "{C69EDD4A-9EAF-491C-82D1-ED9B6DA02528}"
EndProject
Project("{FAE04EC0-301F-11D3-BF4B-00C04F79EFBC}") = "Tyuiu.RadochinaAP.Sprint4.Task3.V12.Lib", "Tyuiu.RadochinaAP.Sprint4.Task3.V12.Lib\Tyuiu.RadochinaAP.Sprint4.Task3.V12.Lib.csproj", "{3B168D8B-EBBA-4F43-96BD-6AC6DA7C588A}"
EndProject
Project("{2150E333-8FDC-42A3-9474-1A3956D46DE8}") = "Task4", "Task4", "{B9953E5B-9A46-4D28-8BFD-91B659EE2C4D}"
EndProject
Project("{FAE04EC0-301F-11D3-BF4B-00C04F79EFBC}") = "Tyuiu.RadochinaAP.Sprint4.Task4.V10", "Tyuiu.RadochinaAP.Sprint4.Task4.V10\Tyuiu.RadochinaAP.Sprint4.Task4.V10.csproj", "{FAB91D69-43F8-45B1-928D-85A86B6F11D0}"
EndProject
Project("{FAE04EC0-301F-11D3-BF4B-00C04F79EFBC}") = "Tyuiu.RadochinaAP.Sprint4.Task4.V10.Lib", "Tyuiu.RadochinaAP.Sprint4.Task4.V10.Lib\Tyuiu.RadochinaAP.Sprint4.Task4.V10.Lib.csproj", "{789718A7-E4BF-4035-9BCB-516AD3BF21E2}"
EndProject
Project("{FAE04EC0-301F-11D3-BF4B-00C04F79EFBC}") = "Tyuiu.RadochinaAP.Sprint4.Task4.V10.Test", "Tyuiu.RadochinaAP.Sprint4.Task4.V10.Test\Tyuiu.RadochinaAP.Sprint4.Task4.V10.Test.csproj", "{E5B533A6-7D86-4E04-98B1-A9EB722995A8}"
EndProject
Project("{2150E333-8FDC-42A3-9474-1A3956D46DE8}") = "Task5", "Task5", "{8DE3B58D-8A82-477F-BB54-B8F3E4472FA6}"
EndProject
Project("{FAE04EC0-301F-11D3-BF4B-00C04F79EFBC}") = "Tyuiu.RadochinaAP.Sprint4.Task5.V5", "Tyuiu.RadochinaAP.Sprint4.Task5.V5\Tyuiu.RadochinaAP.Sprint4.Task5.V5.csproj", "{05338423-831C-4BCC-A94E-9F84C109CBDB}"
EndProject
Project("{FAE04EC0-301F-11D3-BF4B-00C04F79EFBC}") = "Tyuiu.RadochinaAP.Sprint4.Task5.V5.Lib", "Tyuiu.RadochinaAP.Sprint4.Task5.V5.Lib\Tyuiu.RadochinaAP.Sprint4.Task5.V5.Lib.csproj", "{58681BC5-8746-4524-B65C-1C4C5E31DCF9}"
EndProject
Project("{FAE04EC0-301F-11D3-BF4B-00C04F79EFBC}") = "Tyuiu.RadochinaAP.Sprint4.Task5.V5.Test", "Tyuiu.RadochinaAP.Sprint4.Task5.V5.Test\Tyuiu.RadochinaAP.Sprint4.Task5.V5.Test.csproj", "{CBEB49F2-5D13-42EC-A94C-ECE4FF608F98}"
EndProject
Project("{2150E333-8FDC-42A3-9474-1A3956D46DE8}") = "Task6", "Task6", "{AD1179C5-B702-409A-B573-A2591CE0D9EB}"
EndProject
Project("{FAE04EC0-301F-11D3-BF4B-00C04F79EFBC}") = "Tyuiu.RadochinaAP.Sprint4.Task6.V10", "Tyuiu.RadochinaAP.Sprint4.Task6.V10\Tyuiu.RadochinaAP.Sprint4.Task6.V10.csproj", "{ADF2839E-72A3-485D-B52C-1DF26E1B4554}"
EndProject
Project("{FAE04EC0-301F-11D3-BF4B-00C04F79EFBC}") = "Tyuiu.RadochinaAP.Sprint4.Task6.V10.Test", "Tyuiu.RadochinaAP.Sprint4.Task6.V10.Test\Tyuiu.RadochinaAP.Sprint4.Task6.V10.Test.csproj", "{DB26FD91-4D71-4F82-B80F-4E69991917E4}"
EndProject
Project("{FAE04EC0-301F-11D3-BF4B-00C04F79EFBC}") = "Tyuiu.RadochinaAP.Sprint4.Task6.V10.Lib", "Tyuiu.RadochinaAP.Sprint4.Task6.V10.Lib\Tyuiu.RadochinaAP.Sprint4.Task6.V10.Lib.csproj", "{98B41D4A-6E21-4B21-8ABB-6C6A9D3C7F2B}"
EndProject
Global
	GlobalSection(SolutionConfigurationPlatforms) = preSolution
		Debug|Any CPU = Debug|Any CPU
		Release|Any CPU = Release|Any CPU
	EndGlobalSection
	GlobalSection(ProjectConfigurationPlatforms) = postSolution
		{91837F19-9ABF-4296-A96B-C1B1F98541D6}.Debug|Any CPU.ActiveCfg = Debug|Any CPU
		{91837F19-9ABF-4296-A96B-C1B1F98541D6}.Debug|Any CPU.Build.0 = Debug|Any CPU
		{91837F19-9ABF-4296-A96B-C1B1F98541D6}.Release|Any CPU.ActiveCfg = Release|Any CPU
		{91837F19-9ABF-4296-A96B-C1B1F98541D6}.Release|Any CPU.Build.0 = Release|Any CPU
		{DA686060-C546-475D-BF91-FA9792F4FECB}.Debug|Any CPU.ActiveCfg = Debug|Any CPU
		{DA686060-C546-475D-BF91-FA9792F4FECB}.Debug|Any CPU.Build.0 = Debug|Any CPU
		{DA686060-C546-475D-BF91-FA9792F4FECB}.Release|Any CPU.ActiveCfg = Release|Any CPU
		{DA686060-C546-475D-BF91-FA9792F4FECB}.Release|Any CPU.Build.0 = Release|Any CPU
		{BFADAA20-697A-4194-851E-CD71528E42D9}.Debug|Any CPU.ActiveCfg = Debug|Any CPU
		{BFADAA20-697A-4194-851E-CD71528E42D9}.Debug|Any CPU.Build.0 = Debug|Any CPU
		{BFADAA20-697A-4194-851E-CD71528E42D9}.Release|Any CPU.ActiveCfg = Release|Any CPU
		{BFADAA20-697A-4194-851E-CD71528E42D9}.Release|Any CPU.Build.0 = Release|Any CPU
		{354B1E8D-14CB-440B-8D25-19E510972020}.Debug|Any CPU.ActiveCfg = Debug|Any CPU
		{354B1E8D-14CB-440B-8D25-19E510972020}.Debug|Any CPU.Build.0 = Debug|Any CPU
		{354B1E8D-14CB-440B-8D25-19E510972020}.Release|Any CPU.ActiveCfg = Release|Any CPU
		{354B1E8D-14CB-440B-8D25-19E510972020}.Release|Any CPU.Build.0 = Release|Any CPU
		{51777023-8168-4F28-B7F6-284E4FF7DAC7}.Debug|Any CPU.ActiveCfg = Debug|Any CPU
		{51777023-8168-4F28-B7F6-284E4FF7DAC7}.Debug|Any CPU.Build.0 = Debug|Any CPU
		{51777023-8168-4F28-B7F6-284E4FF7DAC7}.Release|Any CPU.ActiveCfg = Release|Any CPU
		{51777023-8168-4F28-B7F6-284E4FF7DAC7}.Release|Any CPU.Build.0 = Release|Any CPU
		{C81E0047-C4FC-4CC0-8B41-722D6BB5ACBE}.Debug|Any CPU.ActiveCfg = Debug|Any CPU
		{C81E0047-C4FC-4CC0-8B41-722D6BB5ACBE}.Debug|Any CPU.Build.0 = Debug|Any CPU
		{C81E0047-C4FC-4CC0-8B41-722D6BB5ACBE}.Release|Any CPU.ActiveCfg = Release|Any CPU
		{C81E0047-C4FC-4CC0-8B41-722D6BB5ACBE}.Release|Any CPU.Build.0 = Release|Any CPU
		{53FD771A-B4F1-4857-BAAB-411D506570C1}.Debug|Any CPU.ActiveCfg = Debug|Any CPU
		{53FD771A-B4F1-4857-BAAB-411D506570C1}.Debug|Any CPU.Build.0 = Debug|Any CPU
		{53FD771A-B4F1-4857-BAAB-411D506570C1}.Release|Any CPU.ActiveCfg = Release|Any CPU
		{53FD771A-B4F1-4857-BAAB-411D506570C1}.Release|Any CPU.Build.0 = Release|Any CPU
		{0D6A8B4E-9FD0-4719-8766-9D60B7270D87}.Debug|Any CPU.ActiveCfg = Debug|Any CPU
		{0D6A8B4E-9FD0-4719-8766-9D60B7270D87}.Debug|Any CPU.Build.0 = Debug|Any CPU
		{0D6A8B4E-9FD0-4719-8766-9D60B7270D87}.Release|Any CPU.ActiveCfg = Release|Any CPU
		{0D6A8B4E-9FD0-4719-8766-9D60B7270D87}.Release|Any CPU.Build.0 = Release|Any CPU
		{54FCD2D5-6EAD-473D-A81A-6F0E637174D0}.Debug|Any CPU.ActiveCfg = Debug|Any CPU
		{54FCD2D5-6EAD-473D-A81A-6F0E637174D0}.Debug|Any CPU.Build.0 = Debug|Any CPU
		{54FCD2D5-6EAD-473D-A81A-6F0E637174D0}.Release|Any CPU.ActiveCfg = Release|Any CPU
		{54FCD2D5-6EAD-473D-A81A-6F0E637174D0}.Release|Any CPU.Build.0 = Release|Any CPU
		{B6E6B65F-498F-42C3-A408-C2DAF220439C}.Debug|Any CPU.ActiveCfg = Debug|Any CPU
		{B6E6B65F-498F-42C3-A408-C2DAF220439C}.Debug|Any CPU.Build.0 = Debug|Any CPU
		{B6E6B65F-498F-42C3-A408-C2DAF220439C}.Release|Any CPU.ActiveCfg = Release|Any CPU
		{B6E6B65F-498F-42C3-A408-C2DAF220439C}.Release|Any CPU.Build.0 = Release|Any CPU
		{C69EDD4A-9EAF-491C-82D1-ED9B6DA02528}.Debug|Any CPU.ActiveCfg = Debug|Any CPU
		{C69EDD4A-9EAF-491C-82D1-ED9B6DA02528}.Debug|Any CPU.Build.0 = Debug|Any CPU
		{C69EDD4A-9EAF-491C-82D1-ED9B6DA02528}.Release|Any CPU.ActiveCfg = Release|Any CPU
		{C69EDD4A-9EAF-491C-82D1-ED9B6DA02528}.Release|Any CPU.Build.0 = Release|Any CPU
		{3B168D8B-EBBA-4F43-96BD-6AC6DA7C588A}.Debug|Any CPU.ActiveCfg = Debug|Any CPU
		{3B168D8B-EBBA-4F43-96BD-6AC6DA7C588A}.Debug|Any CPU.Build.0 = Debug|Any CPU
		{3B168D8B-EBBA-4F43-96BD-6AC6DA7C588A}.Release|Any CPU.ActiveCfg = Release|Any CPU
		{3B168D8B-EBBA-4F43-96BD-6AC6DA7C588A}.Release|Any CPU.Build.0 = Release|Any CPU
		{FAB91D69-43F8-45B1-928D-85A86B6F11D0}.Debug|Any CPU.ActiveCfg = Debug|Any CPU
		{FAB91D69-43F8-45B1-928D-85A86B6F11D0}.Debug|Any CPU.Build.0 = Debug|Any CPU
		{FAB91D69-43F8-45B1-928D-85A86B6F11D0}.Release|Any CPU.ActiveCfg = Release|Any CPU
		{FAB91D69-43F8-45B1-928D-85A86B6F11D0}.Release|Any CPU.Build.0 = Release|Any CPU
		{789718A7-E4BF-4035-9BCB-516AD3BF21E2}.Debug|Any CPU.ActiveCfg = Debug|Any CPU
		{789718A7-E4BF-4035-9BCB-516AD3BF21E2}.Debug|Any CPU.Build.0 = Debug|Any CPU
		{789718A7-E4BF-4035-9BCB-516AD3BF21E2}.Release|Any CPU.ActiveCfg = Release|Any CPU
		{789718A7-E4BF-4035-9BCB-516AD3BF21E2}.Release|Any CPU.Build.0 = Release|Any CPU
		{E5B533A6-7D86-4E04-98B1-A9EB722995A8}.Debug|Any CPU.ActiveCfg = Debug|Any CPU
		{E5B533A6-7D86-4E04-98B1-A9EB722995A8}.Debug|Any CPU.Build.0 = Debug|Any CPU
		{E5B533A6-7D86-4E04-98B1-A9EB722995A8}.Release|Any CPU.ActiveCfg = Release|Any CPU
		{E5B533A6-7D86-4E04-98B1-A9EB722995A8}.Release|Any CPU.Build.0 = Release|Any CPU
		{05338423-831C-4BCC-A94E-9F84C109CBDB}.Debug|Any CPU.ActiveCfg = Debug|Any CPU
		{05338423-831C-4BCC-A94E-9F84C109CBDB}.Debug|Any CPU.Build.0 = Debug|Any CPU
		{05338423-831C-4BCC-A94E-9F84C109CBDB}.Release|Any CPU.ActiveCfg = Release|Any CPU
		{05338423-831C-4BCC-A94E-9F84C109CBDB}.Release|Any CPU.Build.0 = Release|Any CPU
		{58681BC5-8746-4524-B65C-1C4C5E31DCF9}.Debug|Any CPU.ActiveCfg = Debug|Any CPU
		{58681BC5-8746-4524-B65C-1C4C5E31DCF9}.Debug|Any CPU.Build.0 = Debug|Any CPU
		{58681BC5-8746-4524-B65C-1C4C5E31DCF9}.Release|Any CPU.ActiveCfg = Release|Any CPU
		{58681BC5-8746-4524-B65C-1C4C5E31DCF9}.Release|Any CPU.Build.0 = Release|Any CPU
		{CBEB49F2-5D13-42EC-A94C-ECE4FF608F98}.Debug|Any CPU.ActiveCfg = Debug|Any CPU
		{CBEB49F2-5D13-42EC-A94C-ECE4FF608F98}.Debug|Any CPU.Build.0 = Debug|Any CPU
		{CBEB49F2-5D13-42EC-A94C-ECE4FF608F98}.Release|Any CPU.ActiveCfg = Release|Any CPU
		{CBEB49F2-5D13-42EC-A94C-ECE4FF608F98}.Release|Any CPU.Build.0 = Release|Any CPU
		{ADF2839E-72A3-485D-B52C-1DF26E1B4554}.Debug|Any CPU.ActiveCfg = Debug|Any CPU
		{ADF2839E-72A3-485D-B52C-1DF26E1B4554}.Debug|Any CPU.Build.0 = Debug|Any CPU
		{ADF2839E-72A3-485D-B52C-1DF26E1B4554}.Release|Any CPU.ActiveCfg = Release|Any CPU
		{ADF2839E-72A3-485D-B52C-1DF26E1B4554}.Release|Any CPU.Build.0 = Release|Any CPU
		{DB26FD91-4D71-4F82-B80F-4E69991917E4}.Debug|Any CPU.ActiveCfg = Debug|Any CPU
		{DB26FD91-4D71-4F82-B80F-4E69991917E4}.Debug|Any CPU.Build.0 = Debug|Any CPU
		{DB26FD91-4D71-4F82-B80F-4E69991917E4}.Release|Any CPU.ActiveCfg = Release|Any CPU
		{DB26FD91-4D71-4F82-B80F-4E69991917E4}.Release|Any CPU.Build.0 = Release|Any CPU
		{98B41D4A-6E21-4B21-8ABB-6C6A9D3C7F2B}.Debug|Any CPU.ActiveCfg = Debug|Any CPU
		{98B41D4A-6E21-4B21-8ABB-6C6A9D3C7F2B}.Debug|Any CPU.Build.0 = Debug|Any CPU
		{98B41D4A-6E21-4B21-8ABB-6C6A9D3C7F2B}.Release|Any CPU.ActiveCfg = Release|Any CPU
		{98B41D4A-6E21-4B21-8ABB-6C6A9D3C7F2B}.Release|Any CPU.Build.0 = Release|Any CPU
	EndGlobalSection
	GlobalSection(SolutionProperties) = preSolution
		HideSolutionNode = FALSE
	EndGlobalSection
	GlobalSection(NestedProjects) = preSolution
		{91837F19-9ABF-4296-A96B-C1B1F98541D6} = {02EA681E-C7D8-13C7-8484-4AC65E1B71E8}
		{DA686060-C546-475D-BF91-FA9792F4FECB} = {02EA681E-C7D8-13C7-8484-4AC65E1B71E8}
		{BFADAA20-697A-4194-851E-CD71528E42D9} = {02EA681E-C7D8-13C7-8484-4AC65E1B71E8}
		{354B1E8D-14CB-440B-8D25-19E510972020} = {FB8097C9-F75A-4ADC-B4FA-B33A74334AA9}
		{51777023-8168-4F28-B7F6-284E4FF7DAC7} = {FB8097C9-F75A-4ADC-B4FA-B33A74334AA9}
		{C81E0047-C4FC-4CC0-8B41-722D6BB5ACBE} = {FB8097C9-F75A-4ADC-B4FA-B33A74334AA9}
		{53FD771A-B4F1-4857-BAAB-411D506570C1} = {24B9CFFC-DFFB-4B6F-8082-F79F2106FC10}
		{0D6A8B4E-9FD0-4719-8766-9D60B7270D87} = {24B9CFFC-DFFB-4B6F-8082-F79F2106FC10}
		{54FCD2D5-6EAD-473D-A81A-6F0E637174D0} = {24B9CFFC-DFFB-4B6F-8082-F79F2106FC10}
		{B6E6B65F-498F-42C3-A408-C2DAF220439C} = {60A47B3F-00C3-49F7-A848-CB988E4308F9}
		{C69EDD4A-9EAF-491C-82D1-ED9B6DA02528} = {60A47B3F-00C3-49F7-A848-CB988E4308F9}
		{3B168D8B-EBBA-4F43-96BD-6AC6DA7C588A} = {60A47B3F-00C3-49F7-A848-CB988E4308F9}
		{FAB91D69-43F8-45B1-928D-85A86B6F11D0} = {B9953E5B-9A46-4D28-8BFD-91B659EE2C4D}
		{789718A7-E4BF-4035-9BCB-516AD3BF21E2} = {B9953E5B-9A46-4D28-8BFD-91B659EE2C4D}
		{E5B533A6-7D86-4E04-98B1-A9EB722995A8} = {B9953E5B-9A46-4D28-8BFD-91B659EE2C4D}
		{05338423-831C-4BCC-A94E-9F84C109CBDB} = {8DE3B58D-8A82-477F-BB54-B8F3E4472FA6}
		{58681BC5-8746-4524-B65C-1C4C5E31DCF9} = {8DE3B58D-8A82-477F-BB54-B8F3E4472FA6}
		{CBEB49F2-5D13-42EC-A94C-ECE4FF608F98} = {8DE3B58D-8A82-477F-BB54-B8F3E4472FA6}
		{ADF2839E-72A3-485D-B52C-1DF26E1B4554} = {AD1179C5-B702-409A-B573-A2591CE0D9EB}
		{DB26FD91-4D71-4F82-B80F-4E69991917E4} = {AD1179C5-B702-409A-B573-A2591CE0D9EB}
		{98B41D4A-6E21-4B21-8ABB-6C6A9D3C7F2B} = {AD1179C5-B702-409A-B573-A2591CE0D9EB}
	EndGlobalSection
	GlobalSection(ExtensibilityGlobals) = postSolution
		SolutionGuid = {CC90BFF3-006D-4A7F-BCDA-F5A7E9E5D4BA}
	EndGlobalSection
EndGlobal
